{
  "originHash" : "80336809c8f1ceccbbe92a66738e886297ad297796256de745c737103c90669d",
  "pins" : [
    {
      "identity" : "astronomykit",
      "kind" : "remoteSourceControl",
      "location" : "https://github.com/heirloomlogic/AstronomyKit",
      "state" : {
        "revision" : "aa94f880dfdda22bb8270234504ce9b2f8b1478f",
        "version" : "1.1.0+upstream-2.1.19"
      }
    },
    {
      "identity" : "persnicket",
      "kind" : "remoteSourceControl",
      "location" : "https://github.com/heirloomlogic/Persnicket",
      "state" : {
        "revision" : "04fe98372469f5b84be8c74cf4b235ea53d640c8",
        "version" : "2.0.2"
      }
    },
    {
      "identity" : "swidux",
      "kind" : "remoteSourceControl",
      "location" : "https://github.com/heirloomlogic/Swidux",
      "state" : {
        "revision" : "966f3ad3245c373fa8b6556b02e980ae80587255",
        "version" : "1.4.0"
      }
    },
    {
      "identity" : "swift-syntax",
      "kind" : "remoteSourceControl",
      "location" : "https://github.com/swiftlang/swift-syntax",
      "state" : {
        "revision" : "79e4b74a295b6eb74a8b585e3a39d29e70c1dbd1",
        "version" : "603.0.2"
      }
    }
  ],
  "version" : 3
}
