{
  "originHash" : "571f1a48c9eef3c2293db940f7eee42dd5a1bb1a283331f4369df096d0f0ca24",
  "pins" : [
    {
      "identity" : "astronomykit",
      "kind" : "remoteSourceControl",
      "location" : "https://github.com/heirloomlogic/AstronomyKit",
      "state" : {
        "branch" : "main",
        "revision" : "708494224a8d60d7f6ae73550ef6609674cb4784"
      }
    },
    {
      "identity" : "persnicket",
      "kind" : "remoteSourceControl",
      "location" : "https://github.com/heirloomlogic/Persnicket",
      "state" : {
        "revision" : "19b01287705febe6e6ff150c764ad022dca8188e",
        "version" : "2.0.1"
      }
    },
    {
      "identity" : "swidux",
      "kind" : "remoteSourceControl",
      "location" : "https://github.com/heirloomlogic/Swidux",
      "state" : {
        "branch" : "main",
        "revision" : "3a3feadbc6a0a08c47a49b52df09aacd9ac98da6"
      }
    },
    {
      "identity" : "swift-syntax",
      "kind" : "remoteSourceControl",
      "location" : "https://github.com/swiftlang/swift-syntax",
      "state" : {
        "revision" : "9de99a78f099e59caf2b2beec65a4c45d54b2081",
        "version" : "603.0.1"
      }
    }
  ],
  "version" : 3
}
