// !$*UTF8*$!
{
	archiveVersion = 1;
	classes = {
	};
	objectVersion = 77;
	objects = {

/* Begin PBXContainerItemProxy section */
		9C8088B72FD0A8CF00B3B2CA /* PBXContainerItemProxy */ = {
			isa = PBXContainerItemProxy;
			containerPortal = 9C8088A12FD0A8CD00B3B2CA /* Project object */;
			proxyType = 1;
			remoteGlobalIDString = 9C8088A82FD0A8CD00B3B2CA;
			remoteInfo = Gibbous;
		};
		9C8088C12FD0A8CF00B3B2CA /* PBXContainerItemProxy */ = {
			isa = PBXContainerItemProxy;
			containerPortal = 9C8088A12FD0A8CD00B3B2CA /* Project object */;
			proxyType = 1;
			remoteGlobalIDString = 9C8088A82FD0A8CD00B3B2CA;
			remoteInfo = Gibbous;
		};
/* End PBXContainerItemProxy section */

/* Begin PBXFileReference section */
		9C8088A92FD0A8CD00B3B2CA /* Gibbous.app */ = {isa = PBXFileReference; explicitFileType = wrapper.application; includeInIndex = 0; path = Gibbous.app; sourceTree = BUILT_PRODUCTS_DIR; };
		9C8088B62FD0A8CF00B3B2CA /* GibbousTests.xctest */ = {isa = PBXFileReference; explicitFileType = wrapper.cfbundle; includeInIndex = 0; path = GibbousTests.xctest; sourceTree = BUILT_PRODUCTS_DIR; };
		9C8088C02FD0A8CF00B3B2CA /* GibbousUITests.xctest */ = {isa = PBXFileReference; explicitFileType = wrapper.cfbundle; includeInIndex = 0; path = GibbousUITests.xctest; sourceTree = BUILT_PRODUCTS_DIR; };
/* End PBXFileReference section */

/* Begin PBXFileSystemSynchronizedRootGroup section */
		9C8088AB2FD0A8CD00B3B2CA /* Gibbous */ = {
			isa = PBXFileSystemSynchronizedRootGroup;
			path = Gibbous;
			sourceTree = "<group>";
		};
		9C8088B92FD0A8CF00B3B2CA /* GibbousTests */ = {
			isa = PBXFileSystemSynchronizedRootGroup;
			path = GibbousTests;
			sourceTree = "<group>";
		};
		9C8088C32FD0A8CF00B3B2CA /* GibbousUITests */ = {
			isa = PBXFileSystemSynchronizedRootGroup;
			path = GibbousUITests;
			sourceTree = "<group>";
		};
/* End PBXFileSystemSynchronizedRootGroup section */

/* Begin PBXFrameworksBuildPhase section */
		9C8088A62FD0A8CD00B3B2CA /* Frameworks */ = {
			isa = PBXFrameworksBuildPhase;
			buildActionMask = 2147483647;
			files = (
			);
			runOnlyForDeploymentPostprocessing = 0;
		};
		9C8088B32FD0A8CF00B3B2CA /* Frameworks */ = {
			isa = PBXFrameworksBuildPhase;
			buildActionMask = 2147483647;
			files = (
			);
			runOnlyForDeploymentPostprocessing = 0;
		};
		9C8088BD2FD0A8CF00B3B2CA /* Frameworks */ = {
			isa = PBXFrameworksBuildPhase;
			buildActionMask = 2147483647;
			files = (
			);
			runOnlyForDeploymentPostprocessing = 0;
		};
/* End PBXFrameworksBuildPhase section */

/* Begin PBXGroup section */
		9C8088A02FD0A8CD00B3B2CA = {
			isa = PBXGroup;
			children = (
				9C8088AB2FD0A8CD00B3B2CA /* Gibbous */,
				9C8088B92FD0A8CF00B3B2CA /* GibbousTests */,
				9C8088C32FD0A8CF00B3B2CA /* GibbousUITests */,
				9C8088AA2FD0A8CD00B3B2CA /* Products */,
			);
			sourceTree = "<group>";
		};
		9C8088AA2FD0A8CD00B3B2CA /* Products */ = {
			isa = PBXGroup;
			children = (
				9C8088A92FD0A8CD00B3B2CA /* Gibbous.app */,
				9C8088B62FD0A8CF00B3B2CA /* GibbousTests.xctest */,
				9C8088C02FD0A8CF00B3B2CA /* GibbousUITests.xctest */,
			);
			name = Products;
			sourceTree = "<group>";
		};
/* End PBXGroup section */

/* Begin PBXNativeTarget section */
		9C8088A82FD0A8CD00B3B2CA /* Gibbous */ = {
			isa = PBXNativeTarget;
			buildConfigurationList = 9C8088CA2FD0A8CF00B3B2CA /* Build configuration list for PBXNativeTarget "Gibbous" */;
			buildPhases = (
				9C8088A52FD0A8CD00B3B2CA /* Sources */,
				9C8088A62FD0A8CD00B3B2CA /* Frameworks */,
				9C8088A72FD0A8CD00B3B2CA /* Resources */,
			);
			buildRules = (
			);
			dependencies = (
			);
			fileSystemSynchronizedGroups = (
				9C8088AB2FD0A8CD00B3B2CA /* Gibbous */,
			);
			name = Gibbous;
			packageProductDependencies = (
			);
			productName = Gibbous;
			productReference = 9C8088A92FD0A8CD00B3B2CA /* Gibbous.app */;
			productType = "com.apple.product-type.application";
		};
		9C8088B52FD0A8CF00B3B2CA /* GibbousTests */ = {
			isa = PBXNativeTarget;
			buildConfigurationList = 9C8088CD2FD0A8CF00B3B2CA /* Build configuration list for PBXNativeTarget "GibbousTests" */;
			buildPhases = (
				9C8088B22FD0A8CF00B3B2CA /* Sources */,
				9C8088B32FD0A8CF00B3B2CA /* Frameworks */,
				9C8088B42FD0A8CF00B3B2CA /* Resources */,
			);
			buildRules = (
			);
			dependencies = (
				9C8088B82FD0A8CF00B3B2CA /* PBXTargetDependency */,
			);
			fileSystemSynchronizedGroups = (
				9C8088B92FD0A8CF00B3B2CA /* GibbousTests */,
			);
			name = GibbousTests;
			packageProductDependencies = (
			);
			productName = GibbousTests;
			productReference = 9C8088B62FD0A8CF00B3B2CA /* GibbousTests.xctest */;
			productType = "com.apple.product-type.bundle.unit-test";
		};
		9C8088BF2FD0A8CF00B3B2CA /* GibbousUITests */ = {
			isa = PBXNativeTarget;
			buildConfigurationList = 9C8088D02FD0A8CF00B3B2CA /* Build configuration list for PBXNativeTarget "GibbousUITests" */;
			buildPhases = (
				9C8088BC2FD0A8CF00B3B2CA /* Sources */,
				9C8088BD2FD0A8CF00B3B2CA /* Frameworks */,
				9C8088BE2FD0A8CF00B3B2CA /* Resources */,
			);
			buildRules = (
			);
			dependencies = (
				9C8088C22FD0A8CF00B3B2CA /* PBXTargetDependency */,
			);
			fileSystemSynchronizedGroups = (
				9C8088C32FD0A8CF00B3B2CA /* GibbousUITests */,
			);
			name = GibbousUITests;
			packageProductDependencies = (
			);
			productName = GibbousUITests;
			productReference = 9C8088C02FD0A8CF00B3B2CA /* GibbousUITests.xctest */;
			productType = "com.apple.product-type.bundle.ui-testing";
		};
/* End PBXNativeTarget section */

/* Begin PBXProject section */
		9C8088A12FD0A8CD00B3B2CA /* Project object */ = {
			isa = PBXProject;
			attributes = {
				BuildIndependentTargetsInParallel = 1;
				LastSwiftUpdateCheck = 2650;
				LastUpgradeCheck = 2650;
				TargetAttributes = {
					9C8088A82FD0A8CD00B3B2CA = {
						CreatedOnToolsVersion = 26.5;
					};
					9C8088B52FD0A8CF00B3B2CA = {
						CreatedOnToolsVersion = 26.5;
						TestTargetID = 9C8088A82FD0A8CD00B3B2CA;
					};
					9C8088BF2FD0A8CF00B3B2CA = {
						CreatedOnToolsVersion = 26.5;
						TestTargetID = 9C8088A82FD0A8CD00B3B2CA;
					};
				};
			};
			buildConfigurationList = 9C8088A42FD0A8CD00B3B2CA /* Build configuration list for PBXProject "Gibbous" */;
			developmentRegion = en;
			hasScannedForEncodings = 0;
			knownRegions = (
				en,
				Base,
			);
			mainGroup = 9C8088A02FD0A8CD00B3B2CA;
			minimizedProjectReferenceProxies = 1;
			preferredProjectObjectVersion = 77;
			productRefGroup = 9C8088AA2FD0A8CD00B3B2CA /* Products */;
			projectDirPath = "";
			projectRoot = "";
			targets = (
				9C8088A82FD0A8CD00B3B2CA /* Gibbous */,
				9C8088B52FD0A8CF00B3B2CA /* GibbousTests */,
				9C8088BF2FD0A8CF00B3B2CA /* GibbousUITests */,
			);
		};
/* End PBXProject section */

/* Begin PBXResourcesBuildPhase section */
		9C8088A72FD0A8CD00B3B2CA /* Resources */ = {
			isa = PBXResourcesBuildPhase;
			buildActionMask = 2147483647;
			files = (
			);
			runOnlyForDeploymentPostprocessing = 0;
		};
		9C8088B42FD0A8CF00B3B2CA /* Resources */ = {
			isa = PBXResourcesBuildPhase;
			buildActionMask = 2147483647;
			files = (
			);
			runOnlyForDeploymentPostprocessing = 0;
		};
		9C8088BE2FD0A8CF00B3B2CA /* Resources */ = {
			isa = PBXResourcesBuildPhase;
			buildActionMask = 2147483647;
			files = (
			);
			runOnlyForDeploymentPostprocessing = 0;
		};
/* End PBXResourcesBuildPhase section */

/* Begin PBXSourcesBuildPhase section */
		9C8088A52FD0A8CD00B3B2CA /* Sources */ = {
			isa = PBXSourcesBuildPhase;
			buildActionMask = 2147483647;
			files = (
			);
			runOnlyForDeploymentPostprocessing = 0;
		};
		9C8088B22FD0A8CF00B3B2CA /* Sources */ = {
			isa = PBXSourcesBuildPhase;
			buildActionMask = 2147483647;
			files = (
			);
			runOnlyForDeploymentPostprocessing = 0;
		};
		9C8088BC2FD0A8CF00B3B2CA /* Sources */ = {
			isa = PBXSourcesBuildPhase;
			buildActionMask = 2147483647;
			files = (
			);
			runOnlyForDeploymentPostprocessing = 0;
		};
/* End PBXSourcesBuildPhase section */

/* Begin PBXTargetDependency section */
		9C8088B82FD0A8CF00B3B2CA /* PBXTargetDependency */ = {
			isa = PBXTargetDependency;
			target = 9C8088A82FD0A8CD00B3B2CA /* Gibbous */;
			targetProxy = 9C8088B72FD0A8CF00B3B2CA /* PBXContainerItemProxy */;
		};
		9C8088C22FD0A8CF00B3B2CA /* PBXTargetDependency */ = {
			isa = PBXTargetDependency;
			target = 9C8088A82FD0A8CD00B3B2CA /* Gibbous */;
			targetProxy = 9C8088C12FD0A8CF00B3B2CA /* PBXContainerItemProxy */;
		};
/* End PBXTargetDependency section */

/* Begin XCBuildConfiguration section */
		9C8088C82FD0A8CF00B3B2CA /* Debug */ = {
			isa = XCBuildConfiguration;
			buildSettings = {
				ALWAYS_SEARCH_USER_PATHS = NO;
				ASSETCATALOG_COMPILER_GENERATE_SWIFT_ASSET_SYMBOL_EXTENSIONS = YES;
				CLANG_ANALYZER_NONNULL = YES;
				CLANG_ANALYZER_NUMBER_OBJECT_CONVERSION = YES_AGGRESSIVE;
				CLANG_CXX_LANGUAGE_STANDARD = "gnu++20";
				CLANG_ENABLE_MODULES = YES;
				CLANG_ENABLE_OBJC_ARC = YES;
				CLANG_ENABLE_OBJC_WEAK = YES;
				CLANG_WARN_BLOCK_CAPTURE_AUTORELEASING = YES;
				CLANG_WARN_BOOL_CONVERSION = YES;
				CLANG_WARN_COMMA = YES;
				CLANG_WARN_CONSTANT_CONVERSION = YES;
				CLANG_WARN_DEPRECATED_OBJC_IMPLEMENTATIONS = YES;
				CLANG_WARN_DIRECT_OBJC_ISA_USAGE = YES_ERROR;
				CLANG_WARN_DOCUMENTATION_COMMENTS = YES;
				CLANG_WARN_EMPTY_BODY = YES;
				CLANG_WARN_ENUM_CONVERSION = YES;
				CLANG_WARN_INFINITE_RECURSION = YES;
				CLANG_WARN_INT_CONVERSION = YES;
				CLANG_WARN_NON_LITERAL_NULL_CONVERSION = YES;
				CLANG_WARN_OBJC_IMPLICIT_RETAIN_SELF = YES;
				CLANG_WARN_OBJC_LITERAL_CONVERSION = YES;
				CLANG_WARN_OBJC_ROOT_CLASS = YES_ERROR;
				CLANG_WARN_QUOTED_INCLUDE_IN_FRAMEWORK_HEADER = YES;
				CLANG_WARN_RANGE_LOOP_ANALYSIS = YES;
				CLANG_WARN_STRICT_PROTOTYPES = YES;
				CLANG_WARN_SUSPICIOUS_MOVE = YES;
				CLANG_WARN_UNGUARDED_AVAILABILITY = YES_AGGRESSIVE;
				CLANG_WARN_UNREACHABLE_CODE = YES;
				CLANG_WARN__DUPLICATE_METHOD_MATCH = YES;
				COPY_PHASE_STRIP = NO;
				DEBUG_INFORMATION_FORMAT = dwarf;
				DEVELOPMENT_TEAM = K23JVP3VA8;
				ENABLE_STRICT_OBJC_MSGSEND = YES;
				ENABLE_TESTABILITY = YES;
				ENABLE_USER_SCRIPT_SANDBOXING = YES;
				GCC_C_LANGUAGE_STANDARD = gnu17;
				GCC_DYNAMIC_NO_PIC = NO;
				GCC_NO_COMMON_BLOCKS = YES;
				GCC_OPTIMIZATION_LEVEL = 0;
				GCC_PREPROCESSOR_DEFINITIONS = (
					"DEBUG=1",
					"$(inherited)",
				);
				GCC_WARN_64_TO_32_BIT_CONVERSION = YES;
				GCC_WARN_ABOUT_RETURN_TYPE = YES_ERROR;
				GCC_WARN_UNDECLARED_SELECTOR = YES;
				GCC_WARN_UNINITIALIZED_AUTOS = YES_AGGRESSIVE;
				GCC_WARN_UNUSED_FUNCTION = YES;
				GCC_WARN_UNUSED_VARIABLE = YES;
				LOCALIZATION_PREFERS_STRING_CATALOGS = YES;
				MACOSX_DEPLOYMENT_TARGET = 26.5;
				MTL_ENABLE_DEBUG_INFO = INCLUDE_SOURCE;
				MTL_FAST_MATH = YES;
				ONLY_ACTIVE_ARCH = YES;
				SDKROOT = macosx;
				SWIFT_ACTIVE_COMPILATION_CONDITIONS = "DEBUG $(inherited)";
				SWIFT_OPTIMIZATION_LEVEL = "-Onone";
			};
			name = Debug;
		};
		9C8088C92FD0A8CF00B3B2CA /* Release */ = {
			isa = XCBuildConfiguration;
			buildSettings = {
				ALWAYS_SEARCH_USER_PATHS = NO;
				ASSETCATALOG_COMPILER_GENERATE_SWIFT_ASSET_SYMBOL_EXTENSIONS = YES;
				CLANG_ANALYZER_NONNULL = YES;
				CLANG_ANALYZER_NUMBER_OBJECT_CONVERSION = YES_AGGRESSIVE;
				CLANG_CXX_LANGUAGE_STANDARD = "gnu++20";
				CLANG_ENABLE_MODULES = YES;
				CLANG_ENABLE_OBJC_ARC = YES;
				CLANG_ENABLE_OBJC_WEAK = YES;
				CLANG_WARN_BLOCK_CAPTURE_AUTORELEASING = YES;
				CLANG_WARN_BOOL_CONVERSION = YES;
				CLANG_WARN_COMMA = YES;
				CLANG_WARN_CONSTANT_CONVERSION = YES;
				CLANG_WARN_DEPRECATED_OBJC_IMPLEMENTATIONS = YES;
				CLANG_WARN_DIRECT_OBJC_ISA_USAGE = YES_ERROR;
				CLANG_WARN_DOCUMENTATION_COMMENTS = YES;
				CLANG_WARN_EMPTY_BODY = YES;
				CLANG_WARN_ENUM_CONVERSION = YES;
				CLANG_WARN_INFINITE_RECURSION = YES;
				CLANG_WARN_INT_CONVERSION = YES;
				CLANG_WARN_NON_LITERAL_NULL_CONVERSION = YES;
				CLANG_WARN_OBJC_IMPLICIT_RETAIN_SELF = YES;
				CLANG_WARN_OBJC_LITERAL_CONVERSION = YES;
				CLANG_WARN_OBJC_ROOT_CLASS = YES_ERROR;
				CLANG_WARN_QUOTED_INCLUDE_IN_FRAMEWORK_HEADER = YES;
				CLANG_WARN_RANGE_LOOP_ANALYSIS = YES;
				CLANG_WARN_STRICT_PROTOTYPES = YES;
				CLANG_WARN_SUSPICIOUS_MOVE = YES;
				CLANG_WARN_UNGUARDED_AVAILABILITY = YES_AGGRESSIVE;
				CLANG_WARN_UNREACHABLE_CODE = YES;
				CLANG_WARN__DUPLICATE_METHOD_MATCH = YES;
				COPY_PHASE_STRIP = NO;
				DEBUG_INFORMATION_FORMAT = "dwarf-with-dsym";
				DEVELOPMENT_TEAM = K23JVP3VA8;
				ENABLE_NS_ASSERTIONS = NO;
				ENABLE_STRICT_OBJC_MSGSEND = YES;
				ENABLE_USER_SCRIPT_SANDBOXING = YES;
				GCC_C_LANGUAGE_STANDARD = gnu17;
				GCC_NO_COMMON_BLOCKS = YES;
				GCC_WARN_64_TO_32_BIT_CONVERSION = YES;
				GCC_WARN_ABOUT_RETURN_TYPE = YES_ERROR;
				GCC_WARN_UNDECLARED_SELECTOR = YES;
				GCC_WARN_UNINITIALIZED_AUTOS = YES_AGGRESSIVE;
				GCC_WARN_UNUSED_FUNCTION = YES;
				GCC_WARN_UNUSED_VARIABLE = YES;
				LOCALIZATION_PREFERS_STRING_CATALOGS = YES;
				MACOSX_DEPLOYMENT_TARGET = 26.5;
				MTL_ENABLE_DEBUG_INFO = NO;
				MTL_FAST_MATH = YES;
				SDKROOT = macosx;
				SWIFT_COMPILATION_MODE = wholemodule;
			};
			name = Release;
		};
		9C8088CB2FD0A8CF00B3B2CA /* Debug */ = {
			isa = XCBuildConfiguration;
			buildSettings = {
				ASSETCATALOG_COMPILER_APPICON_NAME = AppIcon;
				ASSETCATALOG_COMPILER_GLOBAL_ACCENT_COLOR_NAME = AccentColor;
				CODE_SIGN_STYLE = Automatic;
				COMBINE_HIDPI_IMAGES = YES;
				CURRENT_PROJECT_VERSION = 1;
				DEVELOPMENT_TEAM = K23JVP3VA8;
				ENABLE_APP_SANDBOX = YES;
				ENABLE_HARDENED_RUNTIME = YES;
				ENABLE_PREVIEWS = YES;
				ENABLE_USER_SELECTED_FILES = readonly;
				GENERATE_INFOPLIST_FILE = YES;
				INFOPLIST_KEY_NSHumanReadableCopyright = "";
				LD_RUNPATH_SEARCH_PATHS = (
					"$(inherited)",
					"@executable_path/../Frameworks",
				);
				MARKETING_VERSION = 1.0;
				PRODUCT_BUNDLE_IDENTIFIER = com.heirloomlogic.Gibbous;
				PRODUCT_NAME = "$(TARGET_NAME)";
				REGISTER_APP_GROUPS = YES;
				STRING_CATALOG_GENERATE_SYMBOLS = YES;
				SWIFT_APPROACHABLE_CONCURRENCY = YES;
				SWIFT_DEFAULT_ACTOR_ISOLATION = MainActor;
				SWIFT_EMIT_LOC_STRINGS = YES;
				SWIFT_UPCOMING_FEATURE_MEMBER_IMPORT_VISIBILITY = YES;
				SWIFT_VERSION = 5.0;
			};
			name = Debug;
		};
		9C8088CC2FD0A8CF00B3B2CA /* Release */ = {
			isa = XCBuildConfiguration;
			buildSettings = {
				ASSETCATALOG_COMPILER_APPICON_NAME = AppIcon;
				ASSETCATALOG_COMPILER_GLOBAL_ACCENT_COLOR_NAME = AccentColor;
				CODE_SIGN_STYLE = Automatic;
				COMBINE_HIDPI_IMAGES = YES;
				CURRENT_PROJECT_VERSION = 1;
				DEVELOPMENT_TEAM = K23JVP3VA8;
				ENABLE_APP_SANDBOX = YES;
				ENABLE_HARDENED_RUNTIME = YES;
				ENABLE_PREVIEWS = YES;
				ENABLE_USER_SELECTED_FILES = readonly;
				GENERATE_INFOPLIST_FILE = YES;
				INFOPLIST_KEY_NSHumanReadableCopyright = "";
				LD_RUNPATH_SEARCH_PATHS = (
					"$(inherited)",
					"@executable_path/../Frameworks",
				);
				MARKETING_VERSION = 1.0;
				PRODUCT_BUNDLE_IDENTIFIER = com.heirloomlogic.Gibbous;
				PRODUCT_NAME = "$(TARGET_NAME)";
				REGISTER_APP_GROUPS = YES;
				STRING_CATALOG_GENERATE_SYMBOLS = YES;
				SWIFT_APPROACHABLE_CONCURRENCY = YES;
				SWIFT_DEFAULT_ACTOR_ISOLATION = MainActor;
				SWIFT_EMIT_LOC_STRINGS = YES;
				SWIFT_UPCOMING_FEATURE_MEMBER_IMPORT_VISIBILITY = YES;
				SWIFT_VERSION = 5.0;
			};
			name = Release;
		};
		9C8088CE2FD0A8CF00B3B2CA /* Debug */ = {
			isa = XCBuildConfiguration;
			buildSettings = {
				BUNDLE_LOADER = "$(TEST_HOST)";
				CODE_SIGN_STYLE = Automatic;
				CURRENT_PROJECT_VERSION = 1;
				DEVELOPMENT_TEAM = K23JVP3VA8;
				GENERATE_INFOPLIST_FILE = YES;
				MACOSX_DEPLOYMENT_TARGET = 26.5;
				MARKETING_VERSION = 1.0;
				PRODUCT_BUNDLE_IDENTIFIER = com.heirloomlogic.GibbousTests;
				PRODUCT_NAME = "$(TARGET_NAME)";
				STRING_CATALOG_GENERATE_SYMBOLS = NO;
				SWIFT_APPROACHABLE_CONCURRENCY = YES;
				SWIFT_EMIT_LOC_STRINGS = NO;
				SWIFT_UPCOMING_FEATURE_MEMBER_IMPORT_VISIBILITY = YES;
				SWIFT_VERSION = 5.0;
				TEST_HOST = "$(BUILT_PRODUCTS_DIR)/Gibbous.app/$(BUNDLE_EXECUTABLE_FOLDER_PATH)/Gibbous";
			};
			name = Debug;
		};
		9C8088CF2FD0A8CF00B3B2CA /* Release */ = {
			isa = XCBuildConfiguration;
			buildSettings = {
				BUNDLE_LOADER = "$(TEST_HOST)";
				CODE_SIGN_STYLE = Automatic;
				CURRENT_PROJECT_VERSION = 1;
				DEVELOPMENT_TEAM = K23JVP3VA8;
				GENERATE_INFOPLIST_FILE = YES;
				MACOSX_DEPLOYMENT_TARGET = 26.5;
				MARKETING_VERSION = 1.0;
				PRODUCT_BUNDLE_IDENTIFIER = com.heirloomlogic.GibbousTests;
				PRODUCT_NAME = "$(TARGET_NAME)";
				STRING_CATALOG_GENERATE_SYMBOLS = NO;
				SWIFT_APPROACHABLE_CONCURRENCY = YES;
				SWIFT_EMIT_LOC_STRINGS = NO;
				SWIFT_UPCOMING_FEATURE_MEMBER_IMPORT_VISIBILITY = YES;
				SWIFT_VERSION = 5.0;
				TEST_HOST = "$(BUILT_PRODUCTS_DIR)/Gibbous.app/$(BUNDLE_EXECUTABLE_FOLDER_PATH)/Gibbous";
			};
			name = Release;
		};
		9C8088D12FD0A8CF00B3B2CA /* Debug */ = {
			isa = XCBuildConfiguration;
			buildSettings = {
				CODE_SIGN_STYLE = Automatic;
				CURRENT_PROJECT_VERSION = 1;
				DEVELOPMENT_TEAM = K23JVP3VA8;
				GENERATE_INFOPLIST_FILE = YES;
				MARKETING_VERSION = 1.0;
				PRODUCT_BUNDLE_IDENTIFIER = com.heirloomlogic.GibbousUITests;
				PRODUCT_NAME = "$(TARGET_NAME)";
				STRING_CATALOG_GENERATE_SYMBOLS = NO;
				SWIFT_APPROACHABLE_CONCURRENCY = YES;
				SWIFT_EMIT_LOC_STRINGS = NO;
				SWIFT_UPCOMING_FEATURE_MEMBER_IMPORT_VISIBILITY = YES;
				SWIFT_VERSION = 5.0;
				TEST_TARGET_NAME = Gibbous;
			};
			name = Debug;
		};
		9C8088D22FD0A8CF00B3B2CA /* Release */ = {
			isa = XCBuildConfiguration;
			buildSettings = {
				CODE_SIGN_STYLE = Automatic;
				CURRENT_PROJECT_VERSION = 1;
				DEVELOPMENT_TEAM = K23JVP3VA8;
				GENERATE_INFOPLIST_FILE = YES;
				MARKETING_VERSION = 1.0;
				PRODUCT_BUNDLE_IDENTIFIER = com.heirloomlogic.GibbousUITests;
				PRODUCT_NAME = "$(TARGET_NAME)";
				STRING_CATALOG_GENERATE_SYMBOLS = NO;
				SWIFT_APPROACHABLE_CONCURRENCY = YES;
				SWIFT_EMIT_LOC_STRINGS = NO;
				SWIFT_UPCOMING_FEATURE_MEMBER_IMPORT_VISIBILITY = YES;
				SWIFT_VERSION = 5.0;
				TEST_TARGET_NAME = Gibbous;
			};
			name = Release;
		};
/* End XCBuildConfiguration section */

/* Begin XCConfigurationList section */
		9C8088A42FD0A8CD00B3B2CA /* Build configuration list for PBXProject "Gibbous" */ = {
			isa = XCConfigurationList;
			buildConfigurations = (
				9C8088C82FD0A8CF00B3B2CA /* Debug */,
				9C8088C92FD0A8CF00B3B2CA /* Release */,
			);
			defaultConfigurationIsVisible = 0;
			defaultConfigurationName = Release;
		};
		9C8088CA2FD0A8CF00B3B2CA /* Build configuration list for PBXNativeTarget "Gibbous" */ = {
			isa = XCConfigurationList;
			buildConfigurations = (
				9C8088CB2FD0A8CF00B3B2CA /* Debug */,
				9C8088CC2FD0A8CF00B3B2CA /* Release */,
			);
			defaultConfigurationIsVisible = 0;
			defaultConfigurationName = Release;
		};
		9C8088CD2FD0A8CF00B3B2CA /* Build configuration list for PBXNativeTarget "GibbousTests" */ = {
			isa = XCConfigurationList;
			buildConfigurations = (
				9C8088CE2FD0A8CF00B3B2CA /* Debug */,
				9C8088CF2FD0A8CF00B3B2CA /* Release */,
			);
			defaultConfigurationIsVisible = 0;
			defaultConfigurationName = Release;
		};
		9C8088D02FD0A8CF00B3B2CA /* Build configuration list for PBXNativeTarget "GibbousUITests" */ = {
			isa = XCConfigurationList;
			buildConfigurations = (
				9C8088D12FD0A8CF00B3B2CA /* Debug */,
				9C8088D22FD0A8CF00B3B2CA /* Release */,
			);
			defaultConfigurationIsVisible = 0;
			defaultConfigurationName = Release;
		};
/* End XCConfigurationList section */
	};
	rootObject = 9C8088A12FD0A8CD00B3B2CA /* Project object */;
}
